
Microsoft Visual Studio Solution File, Format Version 12.00
# Visual Studio Version 16
VisualStudioVersion = 16.0.810.23
MinimumVisualStudioVersion = 10.0.40219.1
Project("{FAE04EC0-301F-11D3-BF4B-00C04F79EFBC}") = "UserLoginAPI", "UserLoginAPI.csproj", "{B61C985C-8B36-49B9-8D23-3CE2AF5BC33C}"
EndProject
Global
	GlobalSection(SolutionConfigurationPlatforms) = preSolution
		Debug|Any CPU = Debug|Any CPU
		Release|Any CPU = Release|Any CPU
	EndGlobalSection
	GlobalSection(ProjectConfigurationPlatforms) = postSolution
		{B61C985C-8B36-49B9-8D23-3CE2AF5BC33C}.Debug|Any CPU.ActiveCfg = Debug|Any CPU
		{B61C985C-8B36-49B9-8D23-3CE2AF5BC33C}.Debug|Any CPU.Build.0 = Debug|Any CPU
		{B61C985C-8B36-49B9-8D23-3CE2AF5BC33C}.Release|Any CPU.ActiveCfg = Release|Any CPU
		{B61C985C-8B36-49B9-8D23-3CE2AF5BC33C}.Release|Any CPU.Build.0 = Release|Any CPU
	EndGlobalSection
	GlobalSection(SolutionProperties) = preSolution
		HideSolutionNode = FALSE
	EndGlobalSection
	GlobalSection(ExtensibilityGlobals) = postSolution
		SolutionGuid = {01880549-0F08-4340-BD35-786E1ED9A625}
	EndGlobalSection
EndGlobal
